
Microsoft Visual Studio Solution File, Format Version 12.00
# Visual Studio 15
VisualStudioVersion = 15.0.27428.2037
MinimumVisualStudioVersion = 10.0.40219.1
Project("{FAE04EC0-301F-11D3-BF4B-00C04F79EFBC}") = "ConsoleUI", "ConsoleUI\ConsoleUI.csproj", "{FE3304B9-70DB-4905-A040-1101FD0B4697}"
EndProject
Project("{FAE04EC0-301F-11D3-BF4B-00C04F79EFBC}") = "DemoLibrary", "DemoLibrary\DemoLibrary.csproj", "{68ABF199-736A-46B1-B464-37A015FE9307}"
EndProject
Global
	GlobalSection(SolutionConfigurationPlatforms) = preSolution
		Debug|Any CPU = Debug|Any CPU
		Release|Any CPU = Release|Any CPU
	EndGlobalSection
	GlobalSection(ProjectConfigurationPlatforms) = postSolution
		{FE3304B9-70DB-4905-A040-1101FD0B4697}.Debug|Any CPU.ActiveCfg = Debug|Any CPU
		{FE3304B9-70DB-4905-A040-1101FD0B4697}.Debug|Any CPU.Build.0 = Debug|Any CPU
		{FE3304B9-70DB-4905-A040-1101FD0B4697}.Release|Any CPU.ActiveCfg = Release|Any CPU
		{FE3304B9-70DB-4905-A040-1101FD0B4697}.Release|Any CPU.Build.0 = Release|Any CPU
		{68ABF199-736A-46B1-B464-37A015FE9307}.Debug|Any CPU.ActiveCfg = Debug|Any CPU
		{68ABF199-736A-46B1-B464-37A015FE9307}.Debug|Any CPU.Build.0 = Debug|Any CPU
		{68ABF199-736A-46B1-B464-37A015FE9307}.Release|Any CPU.ActiveCfg = Release|Any CPU
		{68ABF199-736A-46B1-B464-37A015FE9307}.Release|Any CPU.Build.0 = Release|Any CPU
	EndGlobalSection
	GlobalSection(SolutionProperties) = preSolution
		HideSolutionNode = FALSE
	EndGlobalSection
	GlobalSection(ExtensibilityGlobals) = postSolution
		SolutionGuid = {58F2EE39-E6ED-4F0E-AC11-054D8F52B65C}
	EndGlobalSection
EndGlobal
