
Microsoft Visual Studio Solution File, Format Version 12.00
# Visual Studio 15
VisualStudioVersion = 15.0.27428.2027
MinimumVisualStudioVersion = 10.0.40219.1
Project("{FAE04EC0-301F-11D3-BF4B-00C04F79EFBC}") = "ConsoleUI", "ConsoleUI\ConsoleUI.csproj", "{2EE1D1C1-5B10-45A1-81A6-5E77BCCA4292}"
EndProject
Project("{FAE04EC0-301F-11D3-BF4B-00C04F79EFBC}") = "DemoLibrary", "DemoLibrary\DemoLibrary.csproj", "{535A64A6-EFC4-4D10-B597-DA1DB869BBC0}"
EndProject
Global
	GlobalSection(SolutionConfigurationPlatforms) = preSolution
		Debug|Any CPU = Debug|Any CPU
		Release|Any CPU = Release|Any CPU
	EndGlobalSection
	GlobalSection(ProjectConfigurationPlatforms) = postSolution
		{2EE1D1C1-5B10-45A1-81A6-5E77BCCA4292}.Debug|Any CPU.ActiveCfg = Debug|Any CPU
		{2EE1D1C1-5B10-45A1-81A6-5E77BCCA4292}.Debug|Any CPU.Build.0 = Debug|Any CPU
		{2EE1D1C1-5B10-45A1-81A6-5E77BCCA4292}.Release|Any CPU.ActiveCfg = Release|Any CPU
		{2EE1D1C1-5B10-45A1-81A6-5E77BCCA4292}.Release|Any CPU.Build.0 = Release|Any CPU
		{535A64A6-EFC4-4D10-B597-DA1DB869BBC0}.Debug|Any CPU.ActiveCfg = Debug|Any CPU
		{535A64A6-EFC4-4D10-B597-DA1DB869BBC0}.Debug|Any CPU.Build.0 = Debug|Any CPU
		{535A64A6-EFC4-4D10-B597-DA1DB869BBC0}.Release|Any CPU.ActiveCfg = Release|Any CPU
		{535A64A6-EFC4-4D10-B597-DA1DB869BBC0}.Release|Any CPU.Build.0 = Release|Any CPU
	EndGlobalSection
	GlobalSection(SolutionProperties) = preSolution
		HideSolutionNode = FALSE
	EndGlobalSection
	GlobalSection(ExtensibilityGlobals) = postSolution
		SolutionGuid = {B7C36872-D26F-419E-AB60-FEE5BF238DD7}
	EndGlobalSection
EndGlobal
